
Microsoft Visual Studio Solution File, Format Version 12.00
# Visual Studio Version 16
VisualStudioVersion = 16.0.29905.134
MinimumVisualStudioVersion = 10.0.40219.1
Project("{FAE04EC0-301F-11D3-BF4B-00C04F79EFBC}") = "QueueApp", "QueueApp\QueueApp.csproj", "{EECA03A2-E5C5-453A-9BC6-8F950B88A467}"
EndProject
Global
	GlobalSection(SolutionConfigurationPlatforms) = preSolution
		Debug|Any CPU = Debug|Any CPU
		Release|Any CPU = Release|Any CPU
	EndGlobalSection
	GlobalSection(ProjectConfigurationPlatforms) = postSolution
		{EECA03A2-E5C5-453A-9BC6-8F950B88A467}.Debug|Any CPU.ActiveCfg = Debug|Any CPU
		{EECA03A2-E5C5-453A-9BC6-8F950B88A467}.Debug|Any CPU.Build.0 = Debug|Any CPU
		{EECA03A2-E5C5-453A-9BC6-8F950B88A467}.Release|Any CPU.ActiveCfg = Release|Any CPU
		{EECA03A2-E5C5-453A-9BC6-8F950B88A467}.Release|Any CPU.Build.0 = Release|Any CPU
	EndGlobalSection
	GlobalSection(SolutionProperties) = preSolution
		HideSolutionNode = FALSE
	EndGlobalSection
	GlobalSection(ExtensibilityGlobals) = postSolution
		SolutionGuid = {0DD7902C-174D-430C-91E2-B1AE241D2ED8}
	EndGlobalSection
EndGlobal
